
Microsoft Visual Studio Solution File, Format Version 12.00
# Visual Studio Version 16
VisualStudioVersion = 16.0.30914.41
MinimumVisualStudioVersion = 10.0.40219.1
Project("{FAE04EC0-301F-11D3-BF4B-00C04F79EFBC}") = "Crypto Trading Site 001", "Crypto Trading Site 001.csproj", "{7017B3D4-8937-4689-A864-4414F2C20B1A}"
EndProject
Global
	GlobalSection(SolutionConfigurationPlatforms) = preSolution
		Debug|Any CPU = Debug|Any CPU
		Release|Any CPU = Release|Any CPU
	EndGlobalSection
	GlobalSection(ProjectConfigurationPlatforms) = postSolution
		{7017B3D4-8937-4689-A864-4414F2C20B1A}.Debug|Any CPU.ActiveCfg = Debug|Any CPU
		{7017B3D4-8937-4689-A864-4414F2C20B1A}.Debug|Any CPU.Build.0 = Debug|Any CPU
		{7017B3D4-8937-4689-A864-4414F2C20B1A}.Release|Any CPU.ActiveCfg = Release|Any CPU
		{7017B3D4-8937-4689-A864-4414F2C20B1A}.Release|Any CPU.Build.0 = Release|Any CPU
	EndGlobalSection
	GlobalSection(SolutionProperties) = preSolution
		HideSolutionNode = FALSE
	EndGlobalSection
	GlobalSection(ExtensibilityGlobals) = postSolution
		SolutionGuid = {68841B07-9863-4D2E-92A4-2D45C4E6C9AF}
	EndGlobalSection
EndGlobal
